
Microsoft Visual Studio Solution File, Format Version 12.00
# Visual Studio Version 17
VisualStudioVersion = 17.7.34202.233
MinimumVisualStudioVersion = 10.0.40219.1
Project("{FAE04EC0-301F-11D3-BF4B-00C04F79EFBC}") = "Labb 8 OOP Generic collections", "Labb 8 OOP Generic collections\Labb 8 OOP Generic collections.csproj", "{E9448290-B407-43AD-8726-B2224E5B02DE}"
EndProject
Global
	GlobalSection(SolutionConfigurationPlatforms) = preSolution
		Debug|Any CPU = Debug|Any CPU
		Release|Any CPU = Release|Any CPU
	EndGlobalSection
	GlobalSection(ProjectConfigurationPlatforms) = postSolution
		{E9448290-B407-43AD-8726-B2224E5B02DE}.Debug|Any CPU.ActiveCfg = Debug|Any CPU
		{E9448290-B407-43AD-8726-B2224E5B02DE}.Debug|Any CPU.Build.0 = Debug|Any CPU
		{E9448290-B407-43AD-8726-B2224E5B02DE}.Release|Any CPU.ActiveCfg = Release|Any CPU
		{E9448290-B407-43AD-8726-B2224E5B02DE}.Release|Any CPU.Build.0 = Release|Any CPU
	EndGlobalSection
	GlobalSection(SolutionProperties) = preSolution
		HideSolutionNode = FALSE
	EndGlobalSection
	GlobalSection(ExtensibilityGlobals) = postSolution
		SolutionGuid = {0887D6BF-437C-4D04-A90A-45DC18A12898}
	EndGlobalSection
EndGlobal
